
Microsoft Visual Studio Solution File, Format Version 12.00
# Visual Studio Version 17
VisualStudioVersion = 17.14.36414.22
MinimumVisualStudioVersion = 10.0.40219.1
Project("{8BC9CEB8-8B4A-11D0-8D11-00A0C91BC942}") = "1436-Topic3", "1436-Topic3\1436-Topic3.vcxproj", "{ADFA6E14-3526-4C7D-9B0A-B7CCBBC15DF4}"
EndProject
Project("{8BC9CEB8-8B4A-11D0-8D11-00A0C91BC942}") = "Intro to predefined functions", "Intro to predefined functions\Intro to predefined functions.vcxproj", "{849B301B-6A37-4917-BF4E-5A14CA3FFDBA}"
EndProject
Project("{8BC9CEB8-8B4A-11D0-8D11-00A0C91BC942}") = "Topic2QuizQuestionOnOverflowAndBinaryArithmetic", "Topic2QuizQuestionOnOverflowAndBinaryArithmetic\Topic2QuizQuestionOnOverflowAndBinaryArithmetic.vcxproj", "{629A6C32-B998-4468-8CD4-0AD705F104F5}"
EndProject
Project("{8BC9CEB8-8B4A-11D0-8D11-00A0C91BC942}") = "SetWidthDemo", "SetWidthDemo\SetWidthDemo.vcxproj", "{295B9B6C-EE1D-4AFD-8695-59818280293A}"
EndProject
Project("{8BC9CEB8-8B4A-11D0-8D11-00A0C91BC942}") = "DemoingBreakpointDebugging", "DemoingBreakpointDebugging\DemoingBreakpointDebugging.vcxproj", "{C0124C48-3B5E-4C01-BFCC-7A5E7BAF120B}"
EndProject
Project("{8BC9CEB8-8B4A-11D0-8D11-00A0C91BC942}") = "DemoWritingToAnOutputFile", "DemoWritingToAnOutputFile\DemoWritingToAnOutputFile.vcxproj", "{437FAD8A-C48B-41C9-B7AF-02E449732A6C}"
EndProject
Global
	GlobalSection(SolutionConfigurationPlatforms) = preSolution
		Debug|x64 = Debug|x64
		Debug|x86 = Debug|x86
		Release|x64 = Release|x64
		Release|x86 = Release|x86
	EndGlobalSection
	GlobalSection(ProjectConfigurationPlatforms) = postSolution
		{ADFA6E14-3526-4C7D-9B0A-B7CCBBC15DF4}.Debug|x64.ActiveCfg = Debug|x64
		{ADFA6E14-3526-4C7D-9B0A-B7CCBBC15DF4}.Debug|x64.Build.0 = Debug|x64
		{ADFA6E14-3526-4C7D-9B0A-B7CCBBC15DF4}.Debug|x86.ActiveCfg = Debug|Win32
		{ADFA6E14-3526-4C7D-9B0A-B7CCBBC15DF4}.Debug|x86.Build.0 = Debug|Win32
		{ADFA6E14-3526-4C7D-9B0A-B7CCBBC15DF4}.Release|x64.ActiveCfg = Release|x64
		{ADFA6E14-3526-4C7D-9B0A-B7CCBBC15DF4}.Release|x64.Build.0 = Release|x64
		{ADFA6E14-3526-4C7D-9B0A-B7CCBBC15DF4}.Release|x86.ActiveCfg = Release|Win32
		{ADFA6E14-3526-4C7D-9B0A-B7CCBBC15DF4}.Release|x86.Build.0 = Release|Win32
		{849B301B-6A37-4917-BF4E-5A14CA3FFDBA}.Debug|x64.ActiveCfg = Debug|x64
		{849B301B-6A37-4917-BF4E-5A14CA3FFDBA}.Debug|x64.Build.0 = Debug|x64
		{849B301B-6A37-4917-BF4E-5A14CA3FFDBA}.Debug|x86.ActiveCfg = Debug|Win32
		{849B301B-6A37-4917-BF4E-5A14CA3FFDBA}.Debug|x86.Build.0 = Debug|Win32
		{849B301B-6A37-4917-BF4E-5A14CA3FFDBA}.Release|x64.ActiveCfg = Release|x64
		{849B301B-6A37-4917-BF4E-5A14CA3FFDBA}.Release|x64.Build.0 = Release|x64
		{849B301B-6A37-4917-BF4E-5A14CA3FFDBA}.Release|x86.ActiveCfg = Release|Win32
		{849B301B-6A37-4917-BF4E-5A14CA3FFDBA}.Release|x86.Build.0 = Release|Win32
		{629A6C32-B998-4468-8CD4-0AD705F104F5}.Debug|x64.ActiveCfg = Debug|x64
		{629A6C32-B998-4468-8CD4-0AD705F104F5}.Debug|x64.Build.0 = Debug|x64
		{629A6C32-B998-4468-8CD4-0AD705F104F5}.Debug|x86.ActiveCfg = Debug|Win32
		{629A6C32-B998-4468-8CD4-0AD705F104F5}.Debug|x86.Build.0 = Debug|Win32
		{629A6C32-B998-4468-8CD4-0AD705F104F5}.Release|x64.ActiveCfg = Release|x64
		{629A6C32-B998-4468-8CD4-0AD705F104F5}.Release|x64.Build.0 = Release|x64
		{629A6C32-B998-4468-8CD4-0AD705F104F5}.Release|x86.ActiveCfg = Release|Win32
		{629A6C32-B998-4468-8CD4-0AD705F104F5}.Release|x86.Build.0 = Release|Win32
		{295B9B6C-EE1D-4AFD-8695-59818280293A}.Debug|x64.ActiveCfg = Debug|x64
		{295B9B6C-EE1D-4AFD-8695-59818280293A}.Debug|x64.Build.0 = Debug|x64
		{295B9B6C-EE1D-4AFD-8695-59818280293A}.Debug|x86.ActiveCfg = Debug|Win32
		{295B9B6C-EE1D-4AFD-8695-59818280293A}.Debug|x86.Build.0 = Debug|Win32
		{295B9B6C-EE1D-4AFD-8695-59818280293A}.Release|x64.ActiveCfg = Release|x64
		{295B9B6C-EE1D-4AFD-8695-59818280293A}.Release|x64.Build.0 = Release|x64
		{295B9B6C-EE1D-4AFD-8695-59818280293A}.Release|x86.ActiveCfg = Release|Win32
		{295B9B6C-EE1D-4AFD-8695-59818280293A}.Release|x86.Build.0 = Release|Win32
		{C0124C48-3B5E-4C01-BFCC-7A5E7BAF120B}.Debug|x64.ActiveCfg = Debug|x64
		{C0124C48-3B5E-4C01-BFCC-7A5E7BAF120B}.Debug|x64.Build.0 = Debug|x64
		{C0124C48-3B5E-4C01-BFCC-7A5E7BAF120B}.Debug|x86.ActiveCfg = Debug|Win32
		{C0124C48-3B5E-4C01-BFCC-7A5E7BAF120B}.Debug|x86.Build.0 = Debug|Win32
		{C0124C48-3B5E-4C01-BFCC-7A5E7BAF120B}.Release|x64.ActiveCfg = Release|x64
		{C0124C48-3B5E-4C01-BFCC-7A5E7BAF120B}.Release|x64.Build.0 = Release|x64
		{C0124C48-3B5E-4C01-BFCC-7A5E7BAF120B}.Release|x86.ActiveCfg = Release|Win32
		{C0124C48-3B5E-4C01-BFCC-7A5E7BAF120B}.Release|x86.Build.0 = Release|Win32
		{437FAD8A-C48B-41C9-B7AF-02E449732A6C}.Debug|x64.ActiveCfg = Debug|x64
		{437FAD8A-C48B-41C9-B7AF-02E449732A6C}.Debug|x64.Build.0 = Debug|x64
		{437FAD8A-C48B-41C9-B7AF-02E449732A6C}.Debug|x86.ActiveCfg = Debug|Win32
		{437FAD8A-C48B-41C9-B7AF-02E449732A6C}.Debug|x86.Build.0 = Debug|Win32
		{437FAD8A-C48B-41C9-B7AF-02E449732A6C}.Release|x64.ActiveCfg = Release|x64
		{437FAD8A-C48B-41C9-B7AF-02E449732A6C}.Release|x64.Build.0 = Release|x64
		{437FAD8A-C48B-41C9-B7AF-02E449732A6C}.Release|x86.ActiveCfg = Release|Win32
		{437FAD8A-C48B-41C9-B7AF-02E449732A6C}.Release|x86.Build.0 = Release|Win32
	EndGlobalSection
	GlobalSection(SolutionProperties) = preSolution
		HideSolutionNode = FALSE
	EndGlobalSection
	GlobalSection(ExtensibilityGlobals) = postSolution
		SolutionGuid = {C2167288-25C4-49B2-B21B-DBADF77BC0E7}
	EndGlobalSection
EndGlobal
